{
  "nodes": {
    "binned_allocator": {
      "flake": false,
      "locked": {
        "narHash": "sha256-m/kr4kmkG2rLkAj5YwvM0HmXTd+chAiQHzYK6ozpWlw=",
        "type": "tarball",
        "url": "https://gist.github.com/antlilja/8372900fcc09e38d7b0b6bbaddad3904/archive/6c3321e0969ff2463f8335da5601986cf2108690.tar.gz"
      },
      "original": {
        "type": "tarball",
        "url": "https://gist.github.com/antlilja/8372900fcc09e38d7b0b6bbaddad3904/archive/6c3321e0969ff2463f8335da5601986cf2108690.tar.gz"
      }
    },
    "diffz": {
      "flake": false,
      "locked": {
        "narHash": "sha256-3CdYo6WevT0alRwKmbABahjhFKz7V9rdkDUZ43VtDeU=",
        "type": "tarball",
        "url": "https://github.com/ziglibs/diffz/archive/90353d401c59e2ca5ed0abe5444c29ad3d7489aa.tar.gz"
      },
      "original": {
        "type": "tarball",
        "url": "https://github.com/ziglibs/diffz/archive/90353d401c59e2ca5ed0abe5444c29ad3d7489aa.tar.gz"
      }
    },
    "flake-compat": {
      "flake": false,
      "locked": {
        "lastModified": 1673956053,
        "narHash": "sha256-4gtG9iQuiKITOjNQQeQIpoIB6b16fm+504Ch3sNKLd8=",
        "owner": "edolstra",
        "repo": "flake-compat",
        "rev": "35bb57c0c8d8b62bbfd284272c928ceb64ddbde9",
        "type": "github"
      },
      "original": {
        "owner": "edolstra",
        "repo": "flake-compat",
        "type": "github"
      }
    },
    "flake-utils": {
      "inputs": {
        "systems": "systems_2"
      },
      "locked": {
        "lastModified": 1689068808,
        "narHash": "sha256-6ixXo3wt24N/melDWjq70UuHQLxGV8jZvooRanIHXw0=",
        "owner": "numtide",
        "repo": "flake-utils",
        "rev": "919d646de7be200f3bf08cb76ae1f09402b6f9b4",
        "type": "github"
      },
      "original": {
        "owner": "numtide",
        "repo": "flake-utils",
        "type": "github"
      }
    },
    "flake-utils_2": {
      "locked": {
        "lastModified": 1659877975,
        "narHash": "sha256-zllb8aq3YO3h8B/U0/J1WBgAL8EX5yWf5pMj3G0NAmc=",
        "owner": "numtide",
        "repo": "flake-utils",
        "rev": "c0e246b9b83f637f4681389ecabcb2681b4f3af0",
        "type": "github"
      },
      "original": {
        "owner": "numtide",
        "repo": "flake-utils",
        "type": "github"
      }
    },
    "gitignore": {
      "inputs": {
        "nixpkgs": [
          "zls",
          "nixpkgs"
        ]
      },
      "locked": {
        "lastModified": 1660459072,
        "narHash": "sha256-8DFJjXG8zqoONA1vXtgeKXy68KdJL5UaXR8NtVMUbx8=",
        "owner": "hercules-ci",
        "repo": "gitignore.nix",
        "rev": "a20de23b925fd8264fd7fad6454652e142fd7f73",
        "type": "github"
      },
      "original": {
        "owner": "hercules-ci",
        "repo": "gitignore.nix",
        "type": "github"
      }
    },
    "home-manager": {
      "inputs": {
        "nixpkgs": [
          "nixpkgs"
        ]
      },
      "locked": {
        "lastModified": 1692260837,
        "narHash": "sha256-2FpkX1zl+7ni7djK7NeE1ZGupRUwZgjW+RPCSBgDf4k=",
        "owner": "nix-community",
        "repo": "home-manager",
        "rev": "6a94c1a59737783c282c4031555a289c28b961e4",
        "type": "github"
      },
      "original": {
        "owner": "nix-community",
        "repo": "home-manager",
        "type": "github"
      }
    },
    "hyprland": {
      "inputs": {
        "hyprland-protocols": "hyprland-protocols",
        "nixpkgs": [
          "nixpkgs"
        ],
        "systems": "systems",
        "wlroots": "wlroots",
        "xdph": "xdph"
      },
      "locked": {
        "lastModified": 1692304220,
        "narHash": "sha256-Z1xvXtHo8ZhXisBDd/fbGdX+hrtcaojcZ+WIcOlj/CI=",
        "owner": "hyprwm",
        "repo": "Hyprland",
        "rev": "37a211a2ae94abad0f606433a58603e70261d0bb",
        "type": "github"
      },
      "original": {
        "owner": "hyprwm",
        "repo": "Hyprland",
        "type": "github"
      }
    },
    "hyprland-protocols": {
      "inputs": {
        "nixpkgs": [
          "hyprland",
          "nixpkgs"
        ],
        "systems": [
          "hyprland",
          "systems"
        ]
      },
      "locked": {
        "lastModified": 1691753796,
        "narHash": "sha256-zOEwiWoXk3j3+EoF3ySUJmberFewWlagvewDRuWYAso=",
        "owner": "hyprwm",
        "repo": "hyprland-protocols",
        "rev": "0c2ce70625cb30aef199cb388f99e19a61a6ce03",
        "type": "github"
      },
      "original": {
        "owner": "hyprwm",
        "repo": "hyprland-protocols",
        "type": "github"
      }
    },
    "known_folders": {
      "flake": false,
      "locked": {
        "narHash": "sha256-U/h4bVarq8CFKbFyNXKl3vBRPubYooLxA1xUz3qMGPE=",
        "type": "tarball",
        "url": "https://github.com/ziglibs/known-folders/archive/fa75e1bc672952efa0cf06160bbd942b47f6d59b.tar.gz"
      },
      "original": {
        "type": "tarball",
        "url": "https://github.com/ziglibs/known-folders/archive/fa75e1bc672952efa0cf06160bbd942b47f6d59b.tar.gz"
      }
    },
    "langref": {
      "flake": false,
      "locked": {
        "narHash": "sha256-UDwr6vJynfpD5SEoZzhXouoKu+Okdtpv20Vx2E5Ltcc=",
        "type": "file",
        "url": "https://raw.githubusercontent.com/ziglang/zig/f1992a39a59b941f397b8501a525b38e5863a527/doc/langref.html.in"
      },
      "original": {
        "type": "file",
        "url": "https://raw.githubusercontent.com/ziglang/zig/f1992a39a59b941f397b8501a525b38e5863a527/doc/langref.html.in"
      }
    },
    "nix-darwin": {
      "inputs": {
        "nixpkgs": [
          "nixpkgs"
        ]
      },
      "locked": {
        "lastModified": 1692248770,
        "narHash": "sha256-tZeFpETKQGbgnaSIO1AGWD27IyTcBm4D+A9d7ulQ4NM=",
        "owner": "LnL7",
        "repo": "nix-darwin",
        "rev": "511177ffe8226c78c9cf6a92a7b5f2df3684956b",
        "type": "github"
      },
      "original": {
        "owner": "LnL7",
        "repo": "nix-darwin",
        "type": "github"
      }
    },
    "nixpkgs": {
      "locked": {
        "lastModified": 1692337500,
        "narHash": "sha256-qvbj69xNKvwVLmWOZVQsE9Ayvrq1SaJfnYlXkxjT9SY=",
        "owner": "NixOS",
        "repo": "nixpkgs",
        "rev": "874ec2e241222eaade8bfbb872d34a66f9fe5662",
        "type": "github"
      },
      "original": {
        "owner": "NixOS",
        "ref": "master",
        "repo": "nixpkgs",
        "type": "github"
      }
    },
    "root": {
      "inputs": {
        "home-manager": "home-manager",
        "hyprland": "hyprland",
        "nix-darwin": "nix-darwin",
        "nixpkgs": "nixpkgs",
        "zls": "zls"
      }
    },
    "systems": {
      "locked": {
        "lastModified": 1689347949,
        "narHash": "sha256-12tWmuL2zgBgZkdoB6qXZsgJEH9LR3oUgpaQq2RbI80=",
        "owner": "nix-systems",
        "repo": "default-linux",
        "rev": "31732fcf5e8fea42e59c2488ad31a0e651500f68",
        "type": "github"
      },
      "original": {
        "owner": "nix-systems",
        "repo": "default-linux",
        "type": "github"
      }
    },
    "systems_2": {
      "locked": {
        "lastModified": 1681028828,
        "narHash": "sha256-Vy1rq5AaRuLzOxct8nz4T6wlgyUR7zLU309k9mBC768=",
        "owner": "nix-systems",
        "repo": "default",
        "rev": "da67096a3b9bf56a91d16901293e51ba5b49a27e",
        "type": "github"
      },
      "original": {
        "owner": "nix-systems",
        "repo": "default",
        "type": "github"
      }
    },
    "wlroots": {
      "flake": false,
      "locked": {
        "host": "gitlab.freedesktop.org",
        "lastModified": 1691073628,
        "narHash": "sha256-LlxE3o3UzRY7APYVLGNKM30DBMcDifCRIQiMVSbYLIc=",
        "owner": "wlroots",
        "repo": "wlroots",
        "rev": "c74f89d4f84bfed0284d3908aee5d207698c70c5",
        "type": "gitlab"
      },
      "original": {
        "host": "gitlab.freedesktop.org",
        "owner": "wlroots",
        "repo": "wlroots",
        "rev": "c74f89d4f84bfed0284d3908aee5d207698c70c5",
        "type": "gitlab"
      }
    },
    "xdph": {
      "inputs": {
        "hyprland-protocols": [
          "hyprland",
          "hyprland-protocols"
        ],
        "nixpkgs": [
          "hyprland",
          "nixpkgs"
        ],
        "systems": [
          "hyprland",
          "systems"
        ]
      },
      "locked": {
        "lastModified": 1691841170,
        "narHash": "sha256-RCTm1/MVWYPnReMgyp7tr2ogGYo/pvw38jZaFwemgPU=",
        "owner": "hyprwm",
        "repo": "xdg-desktop-portal-hyprland",
        "rev": "57a3a41ba6b358109e4fc25c6a4706b5f7d93c6b",
        "type": "github"
      },
      "original": {
        "owner": "hyprwm",
        "repo": "xdg-desktop-portal-hyprland",
        "type": "github"
      }
    },
    "zig-overlay": {
      "inputs": {
        "flake-compat": "flake-compat",
        "flake-utils": "flake-utils_2",
        "nixpkgs": [
          "zls",
          "nixpkgs"
        ]
      },
      "locked": {
        "lastModified": 1691195023,
        "narHash": "sha256-Ud0wU0LospRfKgpfggFSmKVH0Vywww1WozsvQNEUhjo=",
        "owner": "mitchellh",
        "repo": "zig-overlay",
        "rev": "5b4dec84f870c21f8110f18640f8d4da87e99210",
        "type": "github"
      },
      "original": {
        "owner": "mitchellh",
        "repo": "zig-overlay",
        "type": "github"
      }
    },
    "zls": {
      "inputs": {
        "binned_allocator": "binned_allocator",
        "diffz": "diffz",
        "flake-utils": "flake-utils",
        "gitignore": "gitignore",
        "known_folders": "known_folders",
        "langref": "langref",
        "nixpkgs": [
          "nixpkgs"
        ],
        "zig-overlay": "zig-overlay"
      },
      "locked": {
        "lastModified": 1692300300,
        "narHash": "sha256-60sQOXAWcIWP0/3D+JKl1HnkYaxN4d1tY60l4ZTuW1Q=",
        "owner": "zigtools",
        "repo": "zls",
        "rev": "0fd226012324e4461b5b301d02f9e23747f9059b",
        "type": "github"
      },
      "original": {
        "owner": "zigtools",
        "repo": "zls",
        "rev": "0fd226012324e4461b5b301d02f9e23747f9059b",
        "type": "github"
      }
    }
  },
  "root": "root",
  "version": 7
}
