{
  "nodes": {
    "binned_allocator": {
      "flake": false,
      "locked": {
        "narHash": "sha256-m/kr4kmkG2rLkAj5YwvM0HmXTd+chAiQHzYK6ozpWlw=",
        "type": "tarball",
        "url": "https://gist.github.com/antlilja/8372900fcc09e38d7b0b6bbaddad3904/archive/6c3321e0969ff2463f8335da5601986cf2108690.tar.gz"
      },
      "original": {
        "type": "tarball",
        "url": "https://gist.github.com/antlilja/8372900fcc09e38d7b0b6bbaddad3904/archive/6c3321e0969ff2463f8335da5601986cf2108690.tar.gz"
      }
    },
    "diffz": {
      "flake": false,
      "locked": {
        "narHash": "sha256-3CdYo6WevT0alRwKmbABahjhFKz7V9rdkDUZ43VtDeU=",
        "type": "tarball",
        "url": "https://github.com/ziglibs/diffz/archive/90353d401c59e2ca5ed0abe5444c29ad3d7489aa.tar.gz"
      },
      "original": {
        "type": "tarball",
        "url": "https://github.com/ziglibs/diffz/archive/90353d401c59e2ca5ed0abe5444c29ad3d7489aa.tar.gz"
      }
    },
    "flake-compat": {
      "flake": false,
      "locked": {
        "lastModified": 1673956053,
        "narHash": "sha256-4gtG9iQuiKITOjNQQeQIpoIB6b16fm+504Ch3sNKLd8=",
        "owner": "edolstra",
        "repo": "flake-compat",
        "rev": "35bb57c0c8d8b62bbfd284272c928ceb64ddbde9",
        "type": "github"
      },
      "original": {
        "owner": "edolstra",
        "repo": "flake-compat",
        "type": "github"
      }
    },
    "flake-utils": {
      "inputs": {
        "systems": "systems_2"
      },
      "locked": {
        "lastModified": 1694529238,
        "narHash": "sha256-zsNZZGTGnMOf9YpHKJqMSsa0dXbfmxeoJ7xHlrt+xmY=",
        "owner": "numtide",
        "repo": "flake-utils",
        "rev": "ff7b65b44d01cf9ba6a71320833626af21126384",
        "type": "github"
      },
      "original": {
        "owner": "numtide",
        "repo": "flake-utils",
        "type": "github"
      }
    },
    "flake-utils_2": {
      "inputs": {
        "systems": "systems_3"
      },
      "locked": {
        "lastModified": 1689068808,
        "narHash": "sha256-6ixXo3wt24N/melDWjq70UuHQLxGV8jZvooRanIHXw0=",
        "owner": "numtide",
        "repo": "flake-utils",
        "rev": "919d646de7be200f3bf08cb76ae1f09402b6f9b4",
        "type": "github"
      },
      "original": {
        "owner": "numtide",
        "repo": "flake-utils",
        "type": "github"
      }
    },
    "flake-utils_3": {
      "locked": {
        "lastModified": 1659877975,
        "narHash": "sha256-zllb8aq3YO3h8B/U0/J1WBgAL8EX5yWf5pMj3G0NAmc=",
        "owner": "numtide",
        "repo": "flake-utils",
        "rev": "c0e246b9b83f637f4681389ecabcb2681b4f3af0",
        "type": "github"
      },
      "original": {
        "owner": "numtide",
        "repo": "flake-utils",
        "type": "github"
      }
    },
    "gitignore": {
      "inputs": {
        "nixpkgs": [
          "zls",
          "nixpkgs"
        ]
      },
      "locked": {
        "lastModified": 1660459072,
        "narHash": "sha256-8DFJjXG8zqoONA1vXtgeKXy68KdJL5UaXR8NtVMUbx8=",
        "owner": "hercules-ci",
        "repo": "gitignore.nix",
        "rev": "a20de23b925fd8264fd7fad6454652e142fd7f73",
        "type": "github"
      },
      "original": {
        "owner": "hercules-ci",
        "repo": "gitignore.nix",
        "type": "github"
      }
    },
    "home-manager": {
      "inputs": {
        "nixpkgs": [
          "nixpkgs"
        ]
      },
      "locked": {
        "lastModified": 1694643239,
        "narHash": "sha256-pv2k/5FvyirDE8g4TNehzwZ0T4UOMMmqWSQnM/luRtE=",
        "owner": "nix-community",
        "repo": "home-manager",
        "rev": "d9b88b43524db1591fb3d9410a21428198d75d49",
        "type": "github"
      },
      "original": {
        "owner": "nix-community",
        "repo": "home-manager",
        "type": "github"
      }
    },
    "hyprland": {
      "inputs": {
        "hyprland-protocols": "hyprland-protocols",
        "nixpkgs": [
          "nixpkgs"
        ],
        "systems": "systems",
        "wlroots": "wlroots",
        "xdph": "xdph"
      },
      "locked": {
        "lastModified": 1694703353,
        "narHash": "sha256-4zE6asZoWo7V0HRUNDDE+kX/RT/ofkvK/NXq/rwqCr8=",
        "owner": "hyprwm",
        "repo": "Hyprland",
        "rev": "f8008e4b3beb4aae2365973879a46fe0f15c79b4",
        "type": "github"
      },
      "original": {
        "owner": "hyprwm",
        "repo": "Hyprland",
        "type": "github"
      }
    },
    "hyprland-protocols": {
      "inputs": {
        "nixpkgs": [
          "hyprland",
          "nixpkgs"
        ],
        "systems": [
          "hyprland",
          "systems"
        ]
      },
      "locked": {
        "lastModified": 1691753796,
        "narHash": "sha256-zOEwiWoXk3j3+EoF3ySUJmberFewWlagvewDRuWYAso=",
        "owner": "hyprwm",
        "repo": "hyprland-protocols",
        "rev": "0c2ce70625cb30aef199cb388f99e19a61a6ce03",
        "type": "github"
      },
      "original": {
        "owner": "hyprwm",
        "repo": "hyprland-protocols",
        "type": "github"
      }
    },
    "known_folders": {
      "flake": false,
      "locked": {
        "narHash": "sha256-U/h4bVarq8CFKbFyNXKl3vBRPubYooLxA1xUz3qMGPE=",
        "type": "tarball",
        "url": "https://github.com/ziglibs/known-folders/archive/fa75e1bc672952efa0cf06160bbd942b47f6d59b.tar.gz"
      },
      "original": {
        "type": "tarball",
        "url": "https://github.com/ziglibs/known-folders/archive/fa75e1bc672952efa0cf06160bbd942b47f6d59b.tar.gz"
      }
    },
    "langref": {
      "flake": false,
      "locked": {
        "narHash": "sha256-UDwr6vJynfpD5SEoZzhXouoKu+Okdtpv20Vx2E5Ltcc=",
        "type": "file",
        "url": "https://raw.githubusercontent.com/ziglang/zig/f1992a39a59b941f397b8501a525b38e5863a527/doc/langref.html.in"
      },
      "original": {
        "type": "file",
        "url": "https://raw.githubusercontent.com/ziglang/zig/f1992a39a59b941f397b8501a525b38e5863a527/doc/langref.html.in"
      }
    },
    "nix-darwin": {
      "inputs": {
        "nixpkgs": [
          "nixpkgs"
        ]
      },
      "locked": {
        "lastModified": 1694497842,
        "narHash": "sha256-z03v/m0OwcLBok97KcUgMl8ZFw5Xwsi2z+n6nL7JdXY=",
        "owner": "LnL7",
        "repo": "nix-darwin",
        "rev": "4496ab26628c5f43d2a5c577a06683c753e32fe2",
        "type": "github"
      },
      "original": {
        "owner": "LnL7",
        "repo": "nix-darwin",
        "type": "github"
      }
    },
    "nixpkgs": {
      "locked": {
        "lastModified": 1694771056,
        "narHash": "sha256-HWKmdLY0aTvW7TaBntl0tUG9LNTzFVM8CuiCAFN2kw8=",
        "owner": "NixOS",
        "repo": "nixpkgs",
        "rev": "1976d434c41be158c0d820e7f83c3ce6af72ddb4",
        "type": "github"
      },
      "original": {
        "owner": "NixOS",
        "ref": "master",
        "repo": "nixpkgs",
        "type": "github"
      }
    },
    "root": {
      "inputs": {
        "home-manager": "home-manager",
        "hyprland": "hyprland",
        "nix-darwin": "nix-darwin",
        "nixpkgs": "nixpkgs",
        "zig": "zig",
        "zls": "zls"
      }
    },
    "systems": {
      "locked": {
        "lastModified": 1689347949,
        "narHash": "sha256-12tWmuL2zgBgZkdoB6qXZsgJEH9LR3oUgpaQq2RbI80=",
        "owner": "nix-systems",
        "repo": "default-linux",
        "rev": "31732fcf5e8fea42e59c2488ad31a0e651500f68",
        "type": "github"
      },
      "original": {
        "owner": "nix-systems",
        "repo": "default-linux",
        "type": "github"
      }
    },
    "systems_2": {
      "locked": {
        "lastModified": 1681028828,
        "narHash": "sha256-Vy1rq5AaRuLzOxct8nz4T6wlgyUR7zLU309k9mBC768=",
        "owner": "nix-systems",
        "repo": "default",
        "rev": "da67096a3b9bf56a91d16901293e51ba5b49a27e",
        "type": "github"
      },
      "original": {
        "owner": "nix-systems",
        "repo": "default",
        "type": "github"
      }
    },
    "systems_3": {
      "locked": {
        "lastModified": 1681028828,
        "narHash": "sha256-Vy1rq5AaRuLzOxct8nz4T6wlgyUR7zLU309k9mBC768=",
        "owner": "nix-systems",
        "repo": "default",
        "rev": "da67096a3b9bf56a91d16901293e51ba5b49a27e",
        "type": "github"
      },
      "original": {
        "owner": "nix-systems",
        "repo": "default",
        "type": "github"
      }
    },
    "wlroots": {
      "flake": false,
      "locked": {
        "host": "gitlab.freedesktop.org",
        "lastModified": 1694302348,
        "narHash": "sha256-S9NOc88L/1jpNKJqBu2Hihvn0V1HHCK2hXE4bNBAStg=",
        "owner": "wlroots",
        "repo": "wlroots",
        "rev": "65bbbbbf0c3d6844cee3c4e294d0ba07e1f82211",
        "type": "gitlab"
      },
      "original": {
        "host": "gitlab.freedesktop.org",
        "owner": "wlroots",
        "repo": "wlroots",
        "rev": "65bbbbbf0c3d6844cee3c4e294d0ba07e1f82211",
        "type": "gitlab"
      }
    },
    "xdph": {
      "inputs": {
        "hyprland-protocols": [
          "hyprland",
          "hyprland-protocols"
        ],
        "nixpkgs": [
          "hyprland",
          "nixpkgs"
        ],
        "systems": [
          "hyprland",
          "systems"
        ]
      },
      "locked": {
        "lastModified": 1694363988,
        "narHash": "sha256-RF6LXm4J6mBF3B8VcQuABuU4g4tCPHgMYJQSoJ3DW+8=",
        "owner": "hyprwm",
        "repo": "xdg-desktop-portal-hyprland",
        "rev": "aca51609d4c415b30e88b96c6f49f0142cbcdae7",
        "type": "github"
      },
      "original": {
        "owner": "hyprwm",
        "repo": "xdg-desktop-portal-hyprland",
        "type": "github"
      }
    },
    "zig": {
      "inputs": {
        "flake-utils": "flake-utils",
        "nixpkgs": [
          "nixpkgs"
        ]
      },
      "locked": {
        "lastModified": 1694772720,
        "narHash": "sha256-mp7QdKE/mSPm6TKK6wVsFCPEiSrgZdq7vf/0Tn4iJFU=",
        "owner": "Cloudef",
        "repo": "nix-zig-stdenv",
        "rev": "548edd884796ab47afa34d7fe2c237f8f4de4d8f",
        "type": "github"
      },
      "original": {
        "owner": "Cloudef",
        "repo": "nix-zig-stdenv",
        "type": "github"
      }
    },
    "zig-overlay": {
      "inputs": {
        "flake-compat": "flake-compat",
        "flake-utils": "flake-utils_3",
        "nixpkgs": [
          "zls",
          "nixpkgs"
        ]
      },
      "locked": {
        "lastModified": 1692706082,
        "narHash": "sha256-DRSXY8gw4YhyXsOIrVmyC9TozkagcUYnNPhYssw4kPU=",
        "owner": "mitchellh",
        "repo": "zig-overlay",
        "rev": "6450a09b1da7ac1af4f9698f745f0d0b5b998a40",
        "type": "github"
      },
      "original": {
        "owner": "mitchellh",
        "repo": "zig-overlay",
        "type": "github"
      }
    },
    "zls": {
      "inputs": {
        "binned_allocator": "binned_allocator",
        "diffz": "diffz",
        "flake-utils": "flake-utils_2",
        "gitignore": "gitignore",
        "known_folders": "known_folders",
        "langref": "langref",
        "nixpkgs": [
          "nixpkgs"
        ],
        "zig-overlay": "zig-overlay"
      },
      "locked": {
        "lastModified": 1693924059,
        "narHash": "sha256-PfxEkc7BHWiIOaFvCLBCxyIRdgSdmMsKU4kHA0E5ps8=",
        "owner": "zigtools",
        "repo": "zls",
        "rev": "7aeb758e9e652c3bad8fd11d1fb146328a3edbd3",
        "type": "github"
      },
      "original": {
        "owner": "zigtools",
        "repo": "zls",
        "type": "github"
      }
    }
  },
  "root": "root",
  "version": 7
}
